PODS:
  - Realm (10.49.2):
    - Realm/Headers (= 10.49.2)
  - Realm/Headers (10.49.2)
  - RealmSwift (10.49.2):
    - Realm (= 10.49.2)

DEPENDENCIES:
  - RealmSwift

SPEC REPOS:
  trunk:
    - Realm
    - RealmSwift

SPEC CHECKSUMS:
  Realm: c1a96376972e5f6c26276a0cd6dee15eeefaf53c
  RealmSwift: db6ea9e15607653352baa42321bd9586850b7f04

PODFILE CHECKSUM: 5c3eb540f7a2d2ab4ad6c30d0822dee74a3329a7

COCOAPODS: 1.15.2
